{
  "lockfileVersion": 1,
  "workspaces": {
    "": {
      "name": "ox_doorlock",
      "dependencies": {
        "@emotion/react": "^11.10.0",
        "@emotion/styled": "^11.8.1",
        "@mantine/core": "^5.1.6",
        "@mantine/form": "^5.9.3",
        "@mantine/hooks": "^5.1.6",
        "@mantine/modals": "^5.1.6",
        "@tanstack/react-table": "^8.5.11",
        "@vitejs/plugin-react": "^1.3.2",
        "react": "^17.0.2",
        "react-dom": "^17.0.2",
        "react-icons": "^4.4.0",
        "react-router-dom": "^6.3.0",
        "typescript": "^4.5.5",
        "vite": "^2.9.13",
        "zustand": "^3.7.2",
      },
      "devDependencies": {
        "@babel/core": ">=7.0.0 <8.0.0",
        "@babel/plugin-syntax-flow": "^7.14.5",
        "@babel/plugin-transform-react-jsx": "^7.14.9",
        "@types/node": "^16.11.18",
        "@types/react": "^17.0.33",
        "@types/react-dom": "^17.0.10",
        "cross-env": "^7.0.3",
        "prettier": "^2.8.1",
        "rimraf": "^3.0.2",
      },
    },
  },
  "packages": {
    "@ampproject/remapping": ["@ampproject/remapping@2.3.0", "", { "dependencies": { "@jridgewell/gen-mapping": "^0.3.5", "@jridgewell/trace-mapping": "^0.3.24" } }, "sha512-30iZtAPgz+LTIYoeivqYo853f02jBYSd5uGnGpkFV0M3xOt9aN73erkgYAmZU43x4VfqcnLxW9Kpg3R5LC4YYw=="],

    "@babel/code-frame": ["@babel/code-frame@7.27.1", "", { "dependencies": { "@babel/helper-validator-identifier": "^7.27.1", "js-tokens": "^4.0.0", "picocolors": "^1.1.1" } }, "sha512-cjQ7ZlQ0Mv3b47hABuTevyTuYN4i+loJKGeV9flcCgIK37cCXRh+L1bd3iBHlynerhQ7BhCkn2BPbQUL+rGqFg=="],

    "@babel/compat-data": ["@babel/compat-data@7.27.1", "", {}, "sha512-Q+E+rd/yBzNQhXkG+zQnF58e4zoZfBedaxwzPmicKsiK3nt8iJYrSrDbjwFFDGC4f+rPafqRaPH6TsDoSvMf7A=="],

    "@babel/core": ["@babel/core@7.27.1", "", { "dependencies": { "@ampproject/remapping": "^2.2.0", "@babel/code-frame": "^7.27.1", "@babel/generator": "^7.27.1", "@babel/helper-compilation-targets": "^7.27.1", "@babel/helper-module-transforms": "^7.27.1", "@babel/helpers": "^7.27.1", "@babel/parser": "^7.27.1", "@babel/template": "^7.27.1", "@babel/traverse": "^7.27.1", "@babel/types": "^7.27.1", "convert-source-map": "^2.0.0", "debug": "^4.1.0", "gensync": "^1.0.0-beta.2", "json5": "^2.2.3", "semver": "^6.3.1" } }, "sha512-IaaGWsQqfsQWVLqMn9OB92MNN7zukfVA4s7KKAI0KfrrDsZ0yhi5uV4baBuLuN7n3vsZpwP8asPPcVwApxvjBQ=="],

    "@babel/generator": ["@babel/generator@7.27.1", "", { "dependencies": { "@babel/parser": "^7.27.1", "@babel/types": "^7.27.1", "@jridgewell/gen-mapping": "^0.3.5", "@jridgewell/trace-mapping": "^0.3.25", "jsesc": "^3.0.2" } }, "sha512-UnJfnIpc/+JO0/+KRVQNGU+y5taA5vCbwN8+azkX6beii/ZF+enZJSOKo11ZSzGJjlNfJHfQtmQT8H+9TXPG2w=="],

    "@babel/helper-annotate-as-pure": ["@babel/helper-annotate-as-pure@7.27.1", "", { "dependencies": { "@babel/types": "^7.27.1" } }, "sha512-WnuuDILl9oOBbKnb4L+DyODx7iC47XfzmNCpTttFsSp6hTG7XZxu60+4IO+2/hPfcGOoKbFiwoI/+zwARbNQow=="],

    "@babel/helper-compilation-targets": ["@babel/helper-compilation-targets@7.27.1", "", { "dependencies": { "@babel/compat-data": "^7.27.1", "@babel/helper-validator-option": "^7.27.1", "browserslist": "^4.24.0", "lru-cache": "^5.1.1", "semver": "^6.3.1" } }, "sha512-2YaDd/Rd9E598B5+WIc8wJPmWETiiJXFYVE60oX8FDohv7rAUU3CQj+A1MgeEmcsk2+dQuEjIe/GDvig0SqL4g=="],

    "@babel/helper-module-imports": ["@babel/helper-module-imports@7.27.1", "", { "dependencies": { "@babel/traverse": "^7.27.1", "@babel/types": "^7.27.1" } }, "sha512-0gSFWUPNXNopqtIPQvlD5WgXYI5GY2kP2cCvoT8kczjbfcfuIljTbcWrulD1CIPIX2gt1wghbDy08yE1p+/r3w=="],

    "@babel/helper-module-transforms": ["@babel/helper-module-transforms@7.27.1", "", { "dependencies": { "@babel/helper-module-imports": "^7.27.1", "@babel/helper-validator-identifier": "^7.27.1", "@babel/traverse": "^7.27.1" }, "peerDependencies": { "@babel/core": "^7.0.0" } }, "sha512-9yHn519/8KvTU5BjTVEEeIM3w9/2yXNKoD82JifINImhpKkARMJKPP59kLo+BafpdN5zgNeIcS4jsGDmd3l58g=="],

    "@babel/helper-plugin-utils": ["@babel/helper-plugin-utils@7.27.1", "", {}, "sha512-1gn1Up5YXka3YYAHGKpbideQ5Yjf1tDa9qYcgysz+cNCXukyLl6DjPXhD3VRwSb8c0J9tA4b2+rHEZtc6R0tlw=="],

    "@babel/helper-string-parser": ["@babel/helper-string-parser@7.27.1", "", {}, "sha512-qMlSxKbpRlAridDExk92nSobyDdpPijUq2DW6oDnUqd0iOGxmQjyqhMIihI9+zv4LPyZdRje2cavWPbCbWm3eA=="],

    "@babel/helper-validator-identifier": ["@babel/helper-validator-identifier@7.27.1", "", {}, "sha512-D2hP9eA+Sqx1kBZgzxZh0y1trbuU+JoDkiEwqhQ36nodYqJwyEIhPSdMNd7lOm/4io72luTPWH20Yda0xOuUow=="],

    "@babel/helper-validator-option": ["@babel/helper-validator-option@7.27.1", "", {}, "sha512-YvjJow9FxbhFFKDSuFnVCe2WxXk1zWc22fFePVNEaWJEu8IrZVlda6N0uHwzZrUM1il7NC9Mlp4MaJYbYd9JSg=="],

    "@babel/helpers": ["@babel/helpers@7.27.1", "", { "dependencies": { "@babel/template": "^7.27.1", "@babel/types": "^7.27.1" } }, "sha512-FCvFTm0sWV8Fxhpp2McP5/W53GPllQ9QeQ7SiqGWjMf/LVG07lFa5+pgK05IRhVwtvafT22KF+ZSnM9I545CvQ=="],

    "@babel/parser": ["@babel/parser@7.27.1", "", { "dependencies": { "@babel/types": "^7.27.1" }, "bin": "./bin/babel-parser.js" }, "sha512-I0dZ3ZpCrJ1c04OqlNsQcKiZlsrXf/kkE4FXzID9rIOYICsAbA8mMDzhW/luRNAHdCNt7os/u8wenklZDlUVUQ=="],

    "@babel/plugin-syntax-flow": ["@babel/plugin-syntax-flow@7.27.1", "", { "dependencies": { "@babel/helper-plugin-utils": "^7.27.1" }, "peerDependencies": { "@babel/core": "^7.0.0-0" } }, "sha512-p9OkPbZ5G7UT1MofwYFigGebnrzGJacoBSQM0/6bi/PUMVE+qlWDD/OalvQKbwgQzU6dl0xAv6r4X7Jme0RYxA=="],

    "@babel/plugin-syntax-jsx": ["@babel/plugin-syntax-jsx@7.27.1", "", { "dependencies": { "@babel/helper-plugin-utils": "^7.27.1" }, "peerDependencies": { "@babel/core": "^7.0.0-0" } }, "sha512-y8YTNIeKoyhGd9O0Jiyzyyqk8gdjnumGTQPsz0xOZOQ2RmkVJeZ1vmmfIvFEKqucBG6axJGBZDE/7iI5suUI/w=="],

    "@babel/plugin-transform-react-jsx": ["@babel/plugin-transform-react-jsx@7.27.1", "", { "dependencies": { "@babel/helper-annotate-as-pure": "^7.27.1", "@babel/helper-module-imports": "^7.27.1", "@babel/helper-plugin-utils": "^7.27.1", "@babel/plugin-syntax-jsx": "^7.27.1", "@babel/types": "^7.27.1" }, "peerDependencies": { "@babel/core": "^7.0.0-0" } }, "sha512-2KH4LWGSrJIkVf5tSiBFYuXDAoWRq2MMwgivCf+93dd0GQi8RXLjKA/0EvRnVV5G0hrHczsquXuD01L8s6dmBw=="],

    "@babel/plugin-transform-react-jsx-development": ["@babel/plugin-transform-react-jsx-development@7.27.1", "", { "dependencies": { "@babel/plugin-transform-react-jsx": "^7.27.1" }, "peerDependencies": { "@babel/core": "^7.0.0-0" } }, "sha512-ykDdF5yI4f1WrAolLqeF3hmYU12j9ntLQl/AOG1HAS21jxyg1Q0/J/tpREuYLfatGdGmXp/3yS0ZA76kOlVq9Q=="],

    "@babel/plugin-transform-react-jsx-self": ["@babel/plugin-transform-react-jsx-self@7.27.1", "", { "dependencies": { "@babel/helper-plugin-utils": "^7.27.1" }, "peerDependencies": { "@babel/core": "^7.0.0-0" } }, "sha512-6UzkCs+ejGdZ5mFFC/OCUrv028ab2fp1znZmCZjAOBKiBK2jXD1O+BPSfX8X2qjJ75fZBMSnQn3Rq2mrBJK2mw=="],

    "@babel/plugin-transform-react-jsx-source": ["@babel/plugin-transform-react-jsx-source@7.27.1", "", { "dependencies": { "@babel/helper-plugin-utils": "^7.27.1" }, "peerDependencies": { "@babel/core": "^7.0.0-0" } }, "sha512-zbwoTsBruTeKB9hSq73ha66iFeJHuaFkUbwvqElnygoNbj/jHRsSeokowZFN3CZ64IvEqcmmkVe89OPXc7ldAw=="],

    "@babel/runtime": ["@babel/runtime@7.27.1", "", {}, "sha512-1x3D2xEk2fRo3PAhwQwu5UubzgiVWSXTBfWpVd2Mx2AzRqJuDJCsgaDVZ7HB5iGzDW1Hl1sWN2mFyKjmR9uAog=="],

    "@babel/template": ["@babel/template@7.27.1", "", { "dependencies": { "@babel/code-frame": "^7.27.1", "@babel/parser": "^7.27.1", "@babel/types": "^7.27.1" } }, "sha512-Fyo3ghWMqkHHpHQCoBs2VnYjR4iWFFjguTDEqA5WgZDOrFesVjMhMM2FSqTKSoUSDO1VQtavj8NFpdRBEvJTtg=="],

    "@babel/traverse": ["@babel/traverse@7.27.1", "", { "dependencies": { "@babel/code-frame": "^7.27.1", "@babel/generator": "^7.27.1", "@babel/parser": "^7.27.1", "@babel/template": "^7.27.1", "@babel/types": "^7.27.1", "debug": "^4.3.1", "globals": "^11.1.0" } }, "sha512-ZCYtZciz1IWJB4U61UPu4KEaqyfj+r5T1Q5mqPo+IBpcG9kHv30Z0aD8LXPgC1trYa6rK0orRyAhqUgk4MjmEg=="],

    "@babel/types": ["@babel/types@7.27.1", "", { "dependencies": { "@babel/helper-string-parser": "^7.27.1", "@babel/helper-validator-identifier": "^7.27.1" } }, "sha512-+EzkxvLNfiUeKMgy/3luqfsCWFRXLb7U6wNQTk60tovuckwB15B191tJWvpp4HjiQWdJkCxO3Wbvc6jlk3Xb2Q=="],

    "@emotion/babel-plugin": ["@emotion/babel-plugin@11.13.5", "", { "dependencies": { "@babel/helper-module-imports": "^7.16.7", "@babel/runtime": "^7.18.3", "@emotion/hash": "^0.9.2", "@emotion/memoize": "^0.9.0", "@emotion/serialize": "^1.3.3", "babel-plugin-macros": "^3.1.0", "convert-source-map": "^1.5.0", "escape-string-regexp": "^4.0.0", "find-root": "^1.1.0", "source-map": "^0.5.7", "stylis": "4.2.0" } }, "sha512-pxHCpT2ex+0q+HH91/zsdHkw/lXd468DIN2zvfvLtPKLLMo6gQj7oLObq8PhkrxOZb/gGCq03S3Z7PDhS8pduQ=="],

    "@emotion/cache": ["@emotion/cache@11.14.0", "", { "dependencies": { "@emotion/memoize": "^0.9.0", "@emotion/sheet": "^1.4.0", "@emotion/utils": "^1.4.2", "@emotion/weak-memoize": "^0.4.0", "stylis": "4.2.0" } }, "sha512-L/B1lc/TViYk4DcpGxtAVbx0ZyiKM5ktoIyafGkH6zg/tj+mA+NE//aPYKG0k8kCHSHVJrpLpcAlOBEXQ3SavA=="],

    "@emotion/hash": ["@emotion/hash@0.9.2", "", {}, "sha512-MyqliTZGuOm3+5ZRSaaBGP3USLw6+EGykkwZns2EPC5g8jJ4z9OrdZY9apkl3+UP9+sdz76YYkwCKP5gh8iY3g=="],

    "@emotion/is-prop-valid": ["@emotion/is-prop-valid@1.3.1", "", { "dependencies": { "@emotion/memoize": "^0.9.0" } }, "sha512-/ACwoqx7XQi9knQs/G0qKvv5teDMhD7bXYns9N/wM8ah8iNb8jZ2uNO0YOgiq2o2poIvVtJS2YALasQuMSQ7Kw=="],

    "@emotion/memoize": ["@emotion/memoize@0.9.0", "", {}, "sha512-30FAj7/EoJ5mwVPOWhAyCX+FPfMDrVecJAM+Iw9NRoSl4BBAQeqj4cApHHUXOVvIPgLVDsCFoz/hGD+5QQD1GQ=="],

    "@emotion/react": ["@emotion/react@11.14.0", "", { "dependencies": { "@babel/runtime": "^7.18.3", "@emotion/babel-plugin": "^11.13.5", "@emotion/cache": "^11.14.0", "@emotion/serialize": "^1.3.3", "@emotion/use-insertion-effect-with-fallbacks": "^1.2.0", "@emotion/utils": "^1.4.2", "@emotion/weak-memoize": "^0.4.0", "hoist-non-react-statics": "^3.3.1" }, "peerDependencies": { "react": ">=16.8.0" } }, "sha512-O000MLDBDdk/EohJPFUqvnp4qnHeYkVP5B0xEG0D/L7cOKP9kefu2DXn8dj74cQfsEzUqh+sr1RzFqiL1o+PpA=="],

    "@emotion/serialize": ["@emotion/serialize@1.3.3", "", { "dependencies": { "@emotion/hash": "^0.9.2", "@emotion/memoize": "^0.9.0", "@emotion/unitless": "^0.10.0", "@emotion/utils": "^1.4.2", "csstype": "^3.0.2" } }, "sha512-EISGqt7sSNWHGI76hC7x1CksiXPahbxEOrC5RjmFRJTqLyEK9/9hZvBbiYn70dw4wuwMKiEMCUlR6ZXTSWQqxA=="],

    "@emotion/sheet": ["@emotion/sheet@1.4.0", "", {}, "sha512-fTBW9/8r2w3dXWYM4HCB1Rdp8NLibOw2+XELH5m5+AkWiL/KqYX6dc0kKYlaYyKjrQ6ds33MCdMPEwgs2z1rqg=="],

    "@emotion/styled": ["@emotion/styled@11.14.0", "", { "dependencies": { "@babel/runtime": "^7.18.3", "@emotion/babel-plugin": "^11.13.5", "@emotion/is-prop-valid": "^1.3.0", "@emotion/serialize": "^1.3.3", "@emotion/use-insertion-effect-with-fallbacks": "^1.2.0", "@emotion/utils": "^1.4.2" }, "peerDependencies": { "@emotion/react": "^11.0.0-rc.0", "react": ">=16.8.0" } }, "sha512-XxfOnXFffatap2IyCeJyNov3kiDQWoR08gPUQxvbL7fxKryGBKUZUkG6Hz48DZwVrJSVh9sJboyV1Ds4OW6SgA=="],

    "@emotion/unitless": ["@emotion/unitless@0.10.0", "", {}, "sha512-dFoMUuQA20zvtVTuxZww6OHoJYgrzfKM1t52mVySDJnMSEa08ruEvdYQbhvyu6soU+NeLVd3yKfTfT0NeV6qGg=="],

    "@emotion/use-insertion-effect-with-fallbacks": ["@emotion/use-insertion-effect-with-fallbacks@1.2.0", "", { "peerDependencies": { "react": ">=16.8.0" } }, "sha512-yJMtVdH59sxi/aVJBpk9FQq+OR8ll5GT8oWd57UpeaKEVGab41JWaCFA7FRLoMLloOZF/c/wsPoe+bfGmRKgDg=="],

    "@emotion/utils": ["@emotion/utils@1.4.2", "", {}, "sha512-3vLclRofFziIa3J2wDh9jjbkUz9qk5Vi3IZ/FSTKViB0k+ef0fPV7dYrUIugbgupYDx7v9ud/SjrtEP8Y4xLoA=="],

    "@emotion/weak-memoize": ["@emotion/weak-memoize@0.4.0", "", {}, "sha512-snKqtPW01tN0ui7yu9rGv69aJXr/a/Ywvl11sUjNtEcRc+ng/mQriFL0wLXMef74iHa/EkftbDzU9F8iFbH+zg=="],

    "@esbuild/linux-loong64": ["@esbuild/linux-loong64@0.14.54", "", { "os": "linux", "cpu": "none" }, "sha512-bZBrLAIX1kpWelV0XemxBZllyRmM6vgFQQG2GdNb+r3Fkp0FOh1NJSvekXDs7jq70k4euu1cryLMfU+mTXlEpw=="],

    "@floating-ui/core": ["@floating-ui/core@1.6.9", "", { "dependencies": { "@floating-ui/utils": "^0.2.9" } }, "sha512-uMXCuQ3BItDUbAMhIXw7UPXRfAlOAvZzdK9BWpE60MCn+Svt3aLn9jsPTi/WNGlRUu2uI0v5S7JiIUsbsvh3fw=="],

    "@floating-ui/dom": ["@floating-ui/dom@1.6.13", "", { "dependencies": { "@floating-ui/core": "^1.6.0", "@floating-ui/utils": "^0.2.9" } }, "sha512-umqzocjDgNRGTuO7Q8CU32dkHkECqI8ZdMZ5Swb6QAM0t5rnlrN3lGo1hdpscRd3WS8T6DKYK4ephgIH9iRh3w=="],

    "@floating-ui/react": ["@floating-ui/react@0.19.2", "", { "dependencies": { "@floating-ui/react-dom": "^1.3.0", "aria-hidden": "^1.1.3", "tabbable": "^6.0.1" }, "peerDependencies": { "react": ">=16.8.0", "react-dom": ">=16.8.0" } }, "sha512-JyNk4A0Ezirq8FlXECvRtQOX/iBe5Ize0W/pLkrZjfHW9GUV7Xnq6zm6fyZuQzaHHqEnVizmvlA96e1/CkZv+w=="],

    "@floating-ui/react-dom": ["@floating-ui/react-dom@1.3.0", "", { "dependencies": { "@floating-ui/dom": "^1.2.1" }, "peerDependencies": { "react": ">=16.8.0", "react-dom": ">=16.8.0" } }, "sha512-htwHm67Ji5E/pROEAr7f8IKFShuiCKHwUC/UY4vC3I5jiSvGFAYnSYiZO5MlGmads+QqvUkR9ANHEguGrDv72g=="],

    "@floating-ui/utils": ["@floating-ui/utils@0.2.9", "", {}, "sha512-MDWhGtE+eHw5JW7lq4qhc5yRLS11ERl1c7Z6Xd0a58DozHES6EnNNwUWbMiG4J9Cgj053Bhk8zvlhFYKVhULwg=="],

    "@jridgewell/gen-mapping": ["@jridgewell/gen-mapping@0.3.8", "", { "dependencies": { "@jridgewell/set-array": "^1.2.1", "@jridgewell/sourcemap-codec": "^1.4.10", "@jridgewell/trace-mapping": "^0.3.24" } }, "sha512-imAbBGkb+ebQyxKgzv5Hu2nmROxoDOXHh80evxdoXNOrvAnVx7zimzc1Oo5h9RlfV4vPXaE2iM5pOFbvOCClWA=="],

    "@jridgewell/resolve-uri": ["@jridgewell/resolve-uri@3.1.2", "", {}, "sha512-bRISgCIjP20/tbWSPWMEi54QVPRZExkuD9lJL+UIxUKtwVJA8wW1Trb1jMs1RFXo1CBTNZ/5hpC9QvmKWdopKw=="],

    "@jridgewell/set-array": ["@jridgewell/set-array@1.2.1", "", {}, "sha512-R8gLRTZeyp03ymzP/6Lil/28tGeGEzhx1q2k703KGWRAI1VdvPIXdG70VJc2pAMw3NA6JKL5hhFu1sJX0Mnn/A=="],

    "@jridgewell/sourcemap-codec": ["@jridgewell/sourcemap-codec@1.5.0", "", {}, "sha512-gv3ZRaISU3fjPAgNsriBRqGWQL6quFx04YMPW/zD8XMLsU32mhCCbfbO6KZFLjvYpCZ8zyDEgqsgf+PwPaM7GQ=="],

    "@jridgewell/trace-mapping": ["@jridgewell/trace-mapping@0.3.25", "", { "dependencies": { "@jridgewell/resolve-uri": "^3.1.0", "@jridgewell/sourcemap-codec": "^1.4.14" } }, "sha512-vNk6aEwybGtawWmy/PzwnGDOjCkLWSD2wqvjGGAgOAwCGWySYXfYoxt00IJkTF+8Lb57DwOb3Aa0o9CApepiYQ=="],

    "@mantine/core": ["@mantine/core@5.10.5", "", { "dependencies": { "@floating-ui/react": "^0.19.1", "@mantine/styles": "5.10.5", "@mantine/utils": "5.10.5", "@radix-ui/react-scroll-area": "1.0.2", "react-textarea-autosize": "8.3.4" }, "peerDependencies": { "@mantine/hooks": "5.10.5", "react": ">=16.8.0", "react-dom": ">=16.8.0" } }, "sha512-F4tqHSEVM9D6/iSqHfPda+Xl5XgSEPHAAkT01Zwzj4Jnbd10qGrlqr/SFUop2CIcuKYnmra9XltUahUPXBC2BQ=="],

    "@mantine/form": ["@mantine/form@5.10.5", "", { "dependencies": { "fast-deep-equal": "^3.1.3", "klona": "^2.0.5" }, "peerDependencies": { "react": ">=16.8.0" } }, "sha512-0ENh7W/mwbOnIjJlRUoUTZjOtEi7/qoF86k67CVjKqagsA+Wy6cuBF1spPcllMzujepprtqKACb3rVLR+Pxj7Q=="],

    "@mantine/hooks": ["@mantine/hooks@5.10.5", "", { "peerDependencies": { "react": ">=16.8.0" } }, "sha512-hFQp71QZDfivPzfIUOQZfMKLiOL/Cn2EnzacRlbUr55myteTfzYN8YMt+nzniE/6c4IRopFHEAdbKEtfyQc6kg=="],

    "@mantine/modals": ["@mantine/modals@5.10.5", "", { "dependencies": { "@mantine/utils": "5.10.5" }, "peerDependencies": { "@mantine/core": "5.10.5", "@mantine/hooks": "5.10.5", "react": ">=16.8.0", "react-dom": ">=16.8.0" } }, "sha512-q3BCqAxulcIZCL48vUrwSaXDhxDng/2daVky8K1mTPYNlcm9iN1mqVTUC4uFWhn4b2UmPu4UdbNePEgLuhK4Mw=="],

    "@mantine/styles": ["@mantine/styles@5.10.5", "", { "dependencies": { "clsx": "1.1.1", "csstype": "3.0.9" }, "peerDependencies": { "@emotion/react": ">=11.9.0", "react": ">=16.8.0", "react-dom": ">=16.8.0" } }, "sha512-0NXk8c/XGzuTUkZc6KceF2NaTCMEu5mHR4ru0x+ttb9DGnLpHuGWduTHjSfr4hl6eAJgedD0zauO+VAhDzO9zA=="],

    "@mantine/utils": ["@mantine/utils@5.10.5", "", { "peerDependencies": { "react": ">=16.8.0" } }, "sha512-FGMq4dGs5HhDAtI0z46uzxzKKPmZ3h5uKUyKg1ZHoFR1mBtcUMbB6FylFmHqKFRWlJ5IXqX9dwmiVrLYUOfTmA=="],

    "@radix-ui/number": ["@radix-ui/number@1.0.0", "", { "dependencies": { "@babel/runtime": "^7.13.10" } }, "sha512-Ofwh/1HX69ZfJRiRBMTy7rgjAzHmwe4kW9C9Y99HTRUcYLUuVT0KESFj15rPjRgKJs20GPq8Bm5aEDJ8DuA3vA=="],

    "@radix-ui/primitive": ["@radix-ui/primitive@1.0.0", "", { "dependencies": { "@babel/runtime": "^7.13.10" } }, "sha512-3e7rn8FDMin4CgeL7Z/49smCA3rFYY3Ha2rUQ7HRWFadS5iCRw08ZgVT1LaNTCNqgvrUiyczLflrVrF0SRQtNA=="],

    "@radix-ui/react-compose-refs": ["@radix-ui/react-compose-refs@1.0.0", "", { "dependencies": { "@babel/runtime": "^7.13.10" }, "peerDependencies": { "react": "^16.8 || ^17.0 || ^18.0" } }, "sha512-0KaSv6sx787/hK3eF53iOkiSLwAGlFMx5lotrqD2pTjB18KbybKoEIgkNZTKC60YECDQTKGTRcDBILwZVqVKvA=="],

    "@radix-ui/react-context": ["@radix-ui/react-context@1.0.0", "", { "dependencies": { "@babel/runtime": "^7.13.10" }, "peerDependencies": { "react": "^16.8 || ^17.0 || ^18.0" } }, "sha512-1pVM9RfOQ+n/N5PJK33kRSKsr1glNxomxONs5c49MliinBY6Yw2Q995qfBUUo0/Mbg05B/sGA0gkgPI7kmSHBg=="],

    "@radix-ui/react-direction": ["@radix-ui/react-direction@1.0.0", "", { "dependencies": { "@babel/runtime": "^7.13.10" }, "peerDependencies": { "react": "^16.8 || ^17.0 || ^18.0" } }, "sha512-2HV05lGUgYcA6xgLQ4BKPDmtL+QbIZYH5fCOTAOOcJ5O0QbWS3i9lKaurLzliYUDhORI2Qr3pyjhJh44lKA3rQ=="],

    "@radix-ui/react-presence": ["@radix-ui/react-presence@1.0.0", "", { "dependencies": { "@babel/runtime": "^7.13.10", "@radix-ui/react-compose-refs": "1.0.0", "@radix-ui/react-use-layout-effect": "1.0.0" }, "peerDependencies": { "react": "^16.8 || ^17.0 || ^18.0", "react-dom": "^16.8 || ^17.0 || ^18.0" } }, "sha512-A+6XEvN01NfVWiKu38ybawfHsBjWum42MRPnEuqPsBZ4eV7e/7K321B5VgYMPv3Xx5An6o1/l9ZuDBgmcmWK3w=="],

    "@radix-ui/react-primitive": ["@radix-ui/react-primitive@1.0.1", "", { "dependencies": { "@babel/runtime": "^7.13.10", "@radix-ui/react-slot": "1.0.1" }, "peerDependencies": { "react": "^16.8 || ^17.0 || ^18.0", "react-dom": "^16.8 || ^17.0 || ^18.0" } }, "sha512-fHbmislWVkZaIdeF6GZxF0A/NH/3BjrGIYj+Ae6eTmTCr7EB0RQAAVEiqsXK6p3/JcRqVSBQoceZroj30Jj3XA=="],

    "@radix-ui/react-scroll-area": ["@radix-ui/react-scroll-area@1.0.2", "", { "dependencies": { "@babel/runtime": "^7.13.10", "@radix-ui/number": "1.0.0", "@radix-ui/primitive": "1.0.0", "@radix-ui/react-compose-refs": "1.0.0", "@radix-ui/react-context": "1.0.0", "@radix-ui/react-direction": "1.0.0", "@radix-ui/react-presence": "1.0.0", "@radix-ui/react-primitive": "1.0.1", "@radix-ui/react-use-callback-ref": "1.0.0", "@radix-ui/react-use-layout-effect": "1.0.0" }, "peerDependencies": { "react": "^16.8 || ^17.0 || ^18.0", "react-dom": "^16.8 || ^17.0 || ^18.0" } }, "sha512-k8VseTxI26kcKJaX0HPwkvlNBPTs56JRdYzcZ/vzrNUkDlvXBy8sMc7WvCpYzZkHgb+hd72VW9MqkqecGtuNgg=="],

    "@radix-ui/react-slot": ["@radix-ui/react-slot@1.0.1", "", { "dependencies": { "@babel/runtime": "^7.13.10", "@radix-ui/react-compose-refs": "1.0.0" }, "peerDependencies": { "react": "^16.8 || ^17.0 || ^18.0" } }, "sha512-avutXAFL1ehGvAXtPquu0YK5oz6ctS474iM3vNGQIkswrVhdrS52e3uoMQBzZhNRAIE0jBnUyXWNmSjGHhCFcw=="],

    "@radix-ui/react-use-callback-ref": ["@radix-ui/react-use-callback-ref@1.0.0", "", { "dependencies": { "@babel/runtime": "^7.13.10" }, "peerDependencies": { "react": "^16.8 || ^17.0 || ^18.0" } }, "sha512-GZtyzoHz95Rhs6S63D2t/eqvdFCm7I+yHMLVQheKM7nBD8mbZIt+ct1jz4536MDnaOGKIxynJ8eHTkVGVVkoTg=="],

    "@radix-ui/react-use-layout-effect": ["@radix-ui/react-use-layout-effect@1.0.0", "", { "dependencies": { "@babel/runtime": "^7.13.10" }, "peerDependencies": { "react": "^16.8 || ^17.0 || ^18.0" } }, "sha512-6Tpkq+R6LOlmQb1R5NNETLG0B4YP0wc+klfXafpUCj6JGyaUc8il7/kUZ7m59rGbXGczE9Bs+iz2qloqsZBduQ=="],

    "@remix-run/router": ["@remix-run/router@1.23.0", "", {}, "sha512-O3rHJzAQKamUz1fvE0Qaw0xSFqsA/yafi2iqeE0pvdFtCO1viYx8QL6f3Ln/aCCTLxs68SLf0KPM9eSeM8yBnA=="],

    "@rollup/pluginutils": ["@rollup/pluginutils@4.2.1", "", { "dependencies": { "estree-walker": "^2.0.1", "picomatch": "^2.2.2" } }, "sha512-iKnFXr7NkdZAIHiIWE+BX5ULi/ucVFYWD6TbAV+rZctiRTY2PL6tsIKhoIOaoskiWAkgu+VsbXgUVDNLHf+InQ=="],

    "@tanstack/react-table": ["@tanstack/react-table@8.21.3", "", { "dependencies": { "@tanstack/table-core": "8.21.3" }, "peerDependencies": { "react": ">=16.8", "react-dom": ">=16.8" } }, "sha512-5nNMTSETP4ykGegmVkhjcS8tTLW6Vl4axfEGQN3v0zdHYbK4UfoqfPChclTrJ4EoK9QynqAu9oUf8VEmrpZ5Ww=="],

    "@tanstack/table-core": ["@tanstack/table-core@8.21.3", "", {}, "sha512-ldZXEhOBb8Is7xLs01fR3YEc3DERiz5silj8tnGkFZytt1abEvl/GhUmCE0PMLaMPTa3Jk4HbKmRlHmu+gCftg=="],

    "@types/node": ["@types/node@16.18.126", "", {}, "sha512-OTcgaiwfGFBKacvfwuHzzn1KLxH/er8mluiy8/uM3sGXHaRe73RrSIj01jow9t4kJEW633Ov+cOexXeiApTyAw=="],

    "@types/parse-json": ["@types/parse-json@4.0.2", "", {}, "sha512-dISoDXWWQwUquiKsyZ4Ng+HX2KsPL7LyHKHQwgGFEA3IaKac4Obd+h2a/a6waisAoepJlBcx9paWqjA8/HVjCw=="],

    "@types/prop-types": ["@types/prop-types@15.7.14", "", {}, "sha512-gNMvNH49DJ7OJYv+KAKn0Xp45p8PLl6zo2YnvDIbTd4J6MER2BmWN49TG7n9LvkyihINxeKW8+3bfS2yDC9dzQ=="],

    "@types/react": ["@types/react@17.0.85", "", { "dependencies": { "@types/prop-types": "*", "@types/scheduler": "^0.16", "csstype": "^3.0.2" } }, "sha512-5oBDUsRDsrYq4DdyHaL99gE1AJCfuDhyxqF6/55fvvOIRkp1PpKuwJ+aMiGJR+GJt7YqMNclPROTHF20vY2cXA=="],

    "@types/react-dom": ["@types/react-dom@17.0.26", "", { "peerDependencies": { "@types/react": "^17.0.0" } }, "sha512-Z+2VcYXJwOqQ79HreLU/1fyQ88eXSSFh6I3JdrEHQIfYSI0kCQpTGvOrbE6jFGGYXKsHuwY9tBa/w5Uo6KzrEg=="],

    "@types/scheduler": ["@types/scheduler@0.16.8", "", {}, "sha512-WZLiwShhwLRmeV6zH+GkbOFT6Z6VklCItrDioxUnv+u4Ll+8vKeFySoFyK/0ctcRpOmwAicELfmys1sDc/Rw+A=="],

    "@vitejs/plugin-react": ["@vitejs/plugin-react@1.3.2", "", { "dependencies": { "@babel/core": "^7.17.10", "@babel/plugin-transform-react-jsx": "^7.17.3", "@babel/plugin-transform-react-jsx-development": "^7.16.7", "@babel/plugin-transform-react-jsx-self": "^7.16.7", "@babel/plugin-transform-react-jsx-source": "^7.16.7", "@rollup/pluginutils": "^4.2.1", "react-refresh": "^0.13.0", "resolve": "^1.22.0" } }, "sha512-aurBNmMo0kz1O4qRoY+FM4epSA39y3ShWGuqfLRA/3z0oEJAdtoSfgA3aO98/PCCHAqMaduLxIxErWrVKIFzXA=="],

    "aria-hidden": ["aria-hidden@1.2.4", "", { "dependencies": { "tslib": "^2.0.0" } }, "sha512-y+CcFFwelSXpLZk/7fMB2mUbGtX9lKycf1MWJ7CaTIERyitVlyQx6C+sxcROU2BAJ24OiZyK+8wj2i8AlBoS3A=="],

    "babel-plugin-macros": ["babel-plugin-macros@3.1.0", "", { "dependencies": { "@babel/runtime": "^7.12.5", "cosmiconfig": "^7.0.0", "resolve": "^1.19.0" } }, "sha512-Cg7TFGpIr01vOQNODXOOaGz2NpCU5gl8x1qJFbb6hbZxR7XrcE2vtbAsTAbJ7/xwJtUuJEw8K8Zr/AE0LHlesg=="],

    "balanced-match": ["balanced-match@1.0.2", "", {}, "sha512-3oSeUO0TMV67hN1AmbXsK4yaqU7tjiHlbxRDZOpH0KW9+CeX4bRAaX0Anxt0tx2MrpRpWwQaPwIlISEJhYU5Pw=="],

    "brace-expansion": ["brace-expansion@1.1.11", "", { "dependencies": { "balanced-match": "^1.0.0", "concat-map": "0.0.1" } }, "sha512-iCuPHDFgrHX7H2vEI/5xpz07zSHB00TpugqhmYtVmMO6518mCuRMoOYFldEBl0g187ufozdaHgWKcYFb61qGiA=="],

    "browserslist": ["browserslist@4.24.4", "", { "dependencies": { "caniuse-lite": "^1.0.30001688", "electron-to-chromium": "^1.5.73", "node-releases": "^2.0.19", "update-browserslist-db": "^1.1.1" }, "bin": { "browserslist": "cli.js" } }, "sha512-KDi1Ny1gSePi1vm0q4oxSF8b4DR44GF4BbmS2YdhPLOEqd8pDviZOGH/GsmRwoWJ2+5Lr085X7naowMwKHDG1A=="],

    "callsites": ["callsites@3.1.0", "", {}, "sha512-P8BjAsXvZS+VIDUI11hHCQEv74YT67YUi5JJFNWIqL235sBmjX4+qx9Muvls5ivyNENctx46xQLQ3aTuE7ssaQ=="],

    "caniuse-lite": ["caniuse-lite@1.0.30001716", "", {}, "sha512-49/c1+x3Kwz7ZIWt+4DvK3aMJy9oYXXG6/97JKsnjdCk/6n9vVyWL8NAwVt95Lwt9eigI10Hl782kDfZUUlRXw=="],

    "clsx": ["clsx@1.1.1", "", {}, "sha512-6/bPho624p3S2pMyvP5kKBPXnI3ufHLObBFCfgx+LkeR5lg2XYy2hqZqUf45ypD8COn2bhgGJSUE+l5dhNBieA=="],

    "concat-map": ["concat-map@0.0.1", "", {}, "sha512-/Srv4dswyQNBfohGpz9o6Yb3Gz3SrUDqBH5rTuhGR7ahtlbYKnVxw2bCFMRljaA7EXHaXZ8wsHdodFvbkhKmqg=="],

    "convert-source-map": ["convert-source-map@2.0.0", "", {}, "sha512-Kvp459HrV2FEJ1CAsi1Ku+MY3kasH19TFykTz2xWmMeq6bk2NU3XXvfJ+Q61m0xktWwt+1HSYf3JZsTms3aRJg=="],

    "cosmiconfig": ["cosmiconfig@7.1.0", "", { "dependencies": { "@types/parse-json": "^4.0.0", "import-fresh": "^3.2.1", "parse-json": "^5.0.0", "path-type": "^4.0.0", "yaml": "^1.10.0" } }, "sha512-AdmX6xUzdNASswsFtmwSt7Vj8po9IuqXm0UXz7QKPuEUmPB4XyjGfaAr2PSuELMwkRMVH1EpIkX5bTZGRB3eCA=="],

    "cross-env": ["cross-env@7.0.3", "", { "dependencies": { "cross-spawn": "^7.0.1" }, "bin": { "cross-env": "src/bin/cross-env.js", "cross-env-shell": "src/bin/cross-env-shell.js" } }, "sha512-+/HKd6EgcQCJGh2PSjZuUitQBQynKor4wrFbRg4DtAgS1aWO+gU52xpH7M9ScGgXSYmAVS9bIJ8EzuaGw0oNAw=="],

    "cross-spawn": ["cross-spawn@7.0.6", "", { "dependencies": { "path-key": "^3.1.0", "shebang-command": "^2.0.0", "which": "^2.0.1" } }, "sha512-uV2QOWP2nWzsy2aMp8aRibhi9dlzF5Hgh5SHaB9OiTGEyDTiJJyx0uy51QXdyWbtAHNua4XJzUKca3OzKUd3vA=="],

    "csstype": ["csstype@3.1.3", "", {}, "sha512-M1uQkMl8rQK/szD0LNhtqxIPLpimGm8sOBwU7lLnCpSbTyY3yeU1Vc7l4KT5zT4s/yOxHH5O7tIuuLOCnLADRw=="],

    "debug": ["debug@4.4.0", "", { "dependencies": { "ms": "^2.1.3" } }, "sha512-6WTZ/IxCY/T6BALoZHaE4ctp9xm+Z5kY/pzYaCHRFeyVhojxlrm+46y68HA6hr0TcwEssoxNiDEUJQjfPZ/RYA=="],

    "electron-to-chromium": ["electron-to-chromium@1.5.148", "", {}, "sha512-8uc1QXwwqayD4mblcsQYZqoi+cOc97A2XmKSBOIRbEAvbp6vrqmSYs4dHD2qVygUgn7Mi0qdKgPaJ9WC8cv63A=="],

    "error-ex": ["error-ex@1.3.2", "", { "dependencies": { "is-arrayish": "^0.2.1" } }, "sha512-7dFHNmqeFSEt2ZBsCriorKnn3Z2pj+fd9kmI6QoWw4//DL+icEBfc0U7qJCisqrTsKTjw4fNFy2pW9OqStD84g=="],

    "esbuild": ["esbuild@0.14.54", "", { "optionalDependencies": { "@esbuild/linux-loong64": "0.14.54", "esbuild-android-64": "0.14.54", "esbuild-android-arm64": "0.14.54", "esbuild-darwin-64": "0.14.54", "esbuild-darwin-arm64": "0.14.54", "esbuild-freebsd-64": "0.14.54", "esbuild-freebsd-arm64": "0.14.54", "esbuild-linux-32": "0.14.54", "esbuild-linux-64": "0.14.54", "esbuild-linux-arm": "0.14.54", "esbuild-linux-arm64": "0.14.54", "esbuild-linux-mips64le": "0.14.54", "esbuild-linux-ppc64le": "0.14.54", "esbuild-linux-riscv64": "0.14.54", "esbuild-linux-s390x": "0.14.54", "esbuild-netbsd-64": "0.14.54", "esbuild-openbsd-64": "0.14.54", "esbuild-sunos-64": "0.14.54", "esbuild-windows-32": "0.14.54", "esbuild-windows-64": "0.14.54", "esbuild-windows-arm64": "0.14.54" }, "bin": { "esbuild": "bin/esbuild" } }, "sha512-Cy9llcy8DvET5uznocPyqL3BFRrFXSVqbgpMJ9Wz8oVjZlh/zUSNbPRbov0VX7VxN2JH1Oa0uNxZ7eLRb62pJA=="],

    "esbuild-android-64": ["esbuild-android-64@0.14.54", "", { "os": "android", "cpu": "x64" }, "sha512-Tz2++Aqqz0rJ7kYBfz+iqyE3QMycD4vk7LBRyWaAVFgFtQ/O8EJOnVmTOiDWYZ/uYzB4kvP+bqejYdVKzE5lAQ=="],

    "esbuild-android-arm64": ["esbuild-android-arm64@0.14.54", "", { "os": "android", "cpu": "arm64" }, "sha512-F9E+/QDi9sSkLaClO8SOV6etqPd+5DgJje1F9lOWoNncDdOBL2YF59IhsWATSt0TLZbYCf3pNlTHvVV5VfHdvg=="],

    "esbuild-darwin-64": ["esbuild-darwin-64@0.14.54", "", { "os": "darwin", "cpu": "x64" }, "sha512-jtdKWV3nBviOd5v4hOpkVmpxsBy90CGzebpbO9beiqUYVMBtSc0AL9zGftFuBon7PNDcdvNCEuQqw2x0wP9yug=="],

    "esbuild-darwin-arm64": ["esbuild-darwin-arm64@0.14.54", "", { "os": "darwin", "cpu": "arm64" }, "sha512-OPafJHD2oUPyvJMrsCvDGkRrVCar5aVyHfWGQzY1dWnzErjrDuSETxwA2HSsyg2jORLY8yBfzc1MIpUkXlctmw=="],

    "esbuild-freebsd-64": ["esbuild-freebsd-64@0.14.54", "", { "os": "freebsd", "cpu": "x64" }, "sha512-OKwd4gmwHqOTp4mOGZKe/XUlbDJ4Q9TjX0hMPIDBUWWu/kwhBAudJdBoxnjNf9ocIB6GN6CPowYpR/hRCbSYAg=="],

    "esbuild-freebsd-arm64": ["esbuild-freebsd-arm64@0.14.54", "", { "os": "freebsd", "cpu": "arm64" }, "sha512-sFwueGr7OvIFiQT6WeG0jRLjkjdqWWSrfbVwZp8iMP+8UHEHRBvlaxL6IuKNDwAozNUmbb8nIMXa7oAOARGs1Q=="],

    "esbuild-linux-32": ["esbuild-linux-32@0.14.54", "", { "os": "linux", "cpu": "ia32" }, "sha512-1ZuY+JDI//WmklKlBgJnglpUL1owm2OX+8E1syCD6UAxcMM/XoWd76OHSjl/0MR0LisSAXDqgjT3uJqT67O3qw=="],

    "esbuild-linux-64": ["esbuild-linux-64@0.14.54", "", { "os": "linux", "cpu": "x64" }, "sha512-EgjAgH5HwTbtNsTqQOXWApBaPVdDn7XcK+/PtJwZLT1UmpLoznPd8c5CxqsH2dQK3j05YsB3L17T8vE7cp4cCg=="],

    "esbuild-linux-arm": ["esbuild-linux-arm@0.14.54", "", { "os": "linux", "cpu": "arm" }, "sha512-qqz/SjemQhVMTnvcLGoLOdFpCYbz4v4fUo+TfsWG+1aOu70/80RV6bgNpR2JCrppV2moUQkww+6bWxXRL9YMGw=="],

    "esbuild-linux-arm64": ["esbuild-linux-arm64@0.14.54", "", { "os": "linux", "cpu": "arm64" }, "sha512-WL71L+0Rwv+Gv/HTmxTEmpv0UgmxYa5ftZILVi2QmZBgX3q7+tDeOQNqGtdXSdsL8TQi1vIaVFHUPDe0O0kdig=="],

    "esbuild-linux-mips64le": ["esbuild-linux-mips64le@0.14.54", "", { "os": "linux", "cpu": "none" }, "sha512-qTHGQB8D1etd0u1+sB6p0ikLKRVuCWhYQhAHRPkO+OF3I/iSlTKNNS0Lh2Oc0g0UFGguaFZZiPJdJey3AGpAlw=="],

    "esbuild-linux-ppc64le": ["esbuild-linux-ppc64le@0.14.54", "", { "os": "linux", "cpu": "ppc64" }, "sha512-j3OMlzHiqwZBDPRCDFKcx595XVfOfOnv68Ax3U4UKZ3MTYQB5Yz3X1mn5GnodEVYzhtZgxEBidLWeIs8FDSfrQ=="],

    "esbuild-linux-riscv64": ["esbuild-linux-riscv64@0.14.54", "", { "os": "linux", "cpu": "none" }, "sha512-y7Vt7Wl9dkOGZjxQZnDAqqn+XOqFD7IMWiewY5SPlNlzMX39ocPQlOaoxvT4FllA5viyV26/QzHtvTjVNOxHZg=="],

    "esbuild-linux-s390x": ["esbuild-linux-s390x@0.14.54", "", { "os": "linux", "cpu": "s390x" }, "sha512-zaHpW9dziAsi7lRcyV4r8dhfG1qBidQWUXweUjnw+lliChJqQr+6XD71K41oEIC3Mx1KStovEmlzm+MkGZHnHA=="],

    "esbuild-netbsd-64": ["esbuild-netbsd-64@0.14.54", "", { "os": "none", "cpu": "x64" }, "sha512-PR01lmIMnfJTgeU9VJTDY9ZerDWVFIUzAtJuDHwwceppW7cQWjBBqP48NdeRtoP04/AtO9a7w3viI+PIDr6d+w=="],

    "esbuild-openbsd-64": ["esbuild-openbsd-64@0.14.54", "", { "os": "openbsd", "cpu": "x64" }, "sha512-Qyk7ikT2o7Wu76UsvvDS5q0amJvmRzDyVlL0qf5VLsLchjCa1+IAvd8kTBgUxD7VBUUVgItLkk609ZHUc1oCaw=="],

    "esbuild-sunos-64": ["esbuild-sunos-64@0.14.54", "", { "os": "sunos", "cpu": "x64" }, "sha512-28GZ24KmMSeKi5ueWzMcco6EBHStL3B6ubM7M51RmPwXQGLe0teBGJocmWhgwccA1GeFXqxzILIxXpHbl9Q/Kw=="],

    "esbuild-windows-32": ["esbuild-windows-32@0.14.54", "", { "os": "win32", "cpu": "ia32" }, "sha512-T+rdZW19ql9MjS7pixmZYVObd9G7kcaZo+sETqNH4RCkuuYSuv9AGHUVnPoP9hhuE1WM1ZimHz1CIBHBboLU7w=="],

    "esbuild-windows-64": ["esbuild-windows-64@0.14.54", "", { "os": "win32", "cpu": "x64" }, "sha512-AoHTRBUuYwXtZhjXZbA1pGfTo8cJo3vZIcWGLiUcTNgHpJJMC1rVA44ZereBHMJtotyN71S8Qw0npiCIkW96cQ=="],

    "esbuild-windows-arm64": ["esbuild-windows-arm64@0.14.54", "", { "os": "win32", "cpu": "arm64" }, "sha512-M0kuUvXhot1zOISQGXwWn6YtS+Y/1RT9WrVIOywZnJHo3jCDyewAc79aKNQWFCQm+xNHVTq9h8dZKvygoXQQRg=="],

    "escalade": ["escalade@3.2.0", "", {}, "sha512-WUj2qlxaQtO4g6Pq5c29GTcWGDyd8itL8zTlipgECz3JesAiiOKotd8JU6otB3PACgG6xkJUyVhboMS+bje/jA=="],

    "escape-string-regexp": ["escape-string-regexp@4.0.0", "", {}, "sha512-TtpcNJ3XAzx3Gq8sWRzJaVajRs0uVxA2YAkdb1jm2YkPz4G6egUFAyA3n5vtEIZefPk5Wa4UXbKuS5fKkJWdgA=="],

    "estree-walker": ["estree-walker@2.0.2", "", {}, "sha512-Rfkk/Mp/DL7JVje3u18FxFujQlTNR2q6QfMSMB7AvCBx91NGj/ba3kCfza0f6dVDbw7YlRf/nDrn7pQrCCyQ/w=="],

    "fast-deep-equal": ["fast-deep-equal@3.1.3", "", {}, "sha512-f3qQ9oQy9j2AhBe/H9VC91wLmKBCCU/gDOnKNAYG5hswO7BLKj09Hc5HYNz9cGI++xlpDCIgDaitVs03ATR84Q=="],

    "find-root": ["find-root@1.1.0", "", {}, "sha512-NKfW6bec6GfKc0SGx1e07QZY9PE99u0Bft/0rzSD5k3sO/vwkVUpDUKVm5Gpp5Ue3YfShPFTX2070tDs5kB9Ng=="],

    "fs.realpath": ["fs.realpath@1.0.0", "", {}, "sha512-OO0pH2lK6a0hZnAdau5ItzHPI6pUlvI7jMVnxUQRtw4owF2wk8lOSabtGDCTP4Ggrg2MbGnWO9X8K1t4+fGMDw=="],

    "fsevents": ["fsevents@2.3.3", "", { "os": "darwin" }, "sha512-5xoDfX+fL7faATnagmWPpbFtwh/R77WmMMqqHGS65C3vvB0YHrgF+B1YmZ3441tMj5n63k0212XNoJwzlhffQw=="],

    "function-bind": ["function-bind@1.1.2", "", {}, "sha512-7XHNxH7qX9xG5mIwxkhumTox/MIRNcOgDrxWsMt2pAr23WHp6MrRlN7FBSFpCpr+oVO0F744iUgR82nJMfG2SA=="],

    "gensync": ["gensync@1.0.0-beta.2", "", {}, "sha512-3hN7NaskYvMDLQY55gnW3NQ+mesEAepTqlg+VEbj7zzqEMBVNhzcGYYeqFo/TlYz6eQiFcp1HcsCZO+nGgS8zg=="],

    "glob": ["glob@7.2.3", "", { "dependencies": { "fs.realpath": "^1.0.0", "inflight": "^1.0.4", "inherits": "2", "minimatch": "^3.1.1", "once": "^1.3.0", "path-is-absolute": "^1.0.0" } }, "sha512-nFR0zLpU2YCaRxwoCJvL6UvCH2JFyFVIvwTLsIf21AuHlMskA1hhTdk+LlYJtOlYt9v6dvszD2BGRqBL+iQK9Q=="],

    "globals": ["globals@11.12.0", "", {}, "sha512-WOBp/EEGUiIsJSp7wcv/y6MO+lV9UoncWqxuFfm8eBwzWNgyfBd6Gz+IeKQ9jCmyhoH99g15M3T+QaVHFjizVA=="],

    "hasown": ["hasown@2.0.2", "", { "dependencies": { "function-bind": "^1.1.2" } }, "sha512-0hJU9SCPvmMzIBdZFqNPXWa6dqh7WdH0cII9y+CyS8rG3nL48Bclra9HmKhVVUHyPWNH5Y7xDwAB7bfgSjkUMQ=="],

    "hoist-non-react-statics": ["hoist-non-react-statics@3.3.2", "", { "dependencies": { "react-is": "^16.7.0" } }, "sha512-/gGivxi8JPKWNm/W0jSmzcMPpfpPLc3dY/6GxhX2hQ9iGj3aDfklV4ET7NjKpSinLpJ5vafa9iiGIEZg10SfBw=="],

    "import-fresh": ["import-fresh@3.3.1", "", { "dependencies": { "parent-module": "^1.0.0", "resolve-from": "^4.0.0" } }, "sha512-TR3KfrTZTYLPB6jUjfx6MF9WcWrHL9su5TObK4ZkYgBdWKPOFoSoQIdEuTuR82pmtxH2spWG9h6etwfr1pLBqQ=="],

    "inflight": ["inflight@1.0.6", "", { "dependencies": { "once": "^1.3.0", "wrappy": "1" } }, "sha512-k92I/b08q4wvFscXCLvqfsHCrjrF7yiXsQuIVvVE7N82W3+aqpzuUdBbfhWcy/FZR3/4IgflMgKLOsvPDrGCJA=="],

    "inherits": ["inherits@2.0.4", "", {}, "sha512-k/vGaX4/Yla3WzyMCvTQOXYeIHvqOKtnqBduzTHpzpQZzAskKMhZ2K+EnBiSM9zGSoIFeMpXKxa4dYeZIQqewQ=="],

    "is-arrayish": ["is-arrayish@0.2.1", "", {}, "sha512-zz06S8t0ozoDXMG+ube26zeCTNXcKIPJZJi8hBrF4idCLms4CG9QtK7qBl1boi5ODzFpjswb5JPmHCbMpjaYzg=="],

    "is-core-module": ["is-core-module@2.16.1", "", { "dependencies": { "hasown": "^2.0.2" } }, "sha512-UfoeMA6fIJ8wTYFEUjelnaGI67v6+N7qXJEvQuIGa99l4xsCruSYOVSQ0uPANn4dAzm8lkYPaKLrrijLq7x23w=="],

    "isexe": ["isexe@2.0.0", "", {}, "sha512-RHxMLp9lnKHGHRng9QFhRCMbYAcVpn69smSGcq3f36xjgVVWThj4qqLbTLlq7Ssj8B+fIQ1EuCEGI2lKsyQeIw=="],

    "js-tokens": ["js-tokens@4.0.0", "", {}, "sha512-RdJUflcE3cUzKiMqQgsCu06FPu9UdIJO0beYbPhHN4k6apgJtifcoCtT9bcxOpYBtpD2kCM6Sbzg4CausW/PKQ=="],

    "jsesc": ["jsesc@3.1.0", "", { "bin": { "jsesc": "bin/jsesc" } }, "sha512-/sM3dO2FOzXjKQhJuo0Q173wf2KOo8t4I8vHy6lF9poUp7bKT0/NHE8fPX23PwfhnykfqnC2xRxOnVw5XuGIaA=="],

    "json-parse-even-better-errors": ["json-parse-even-better-errors@2.3.1", "", {}, "sha512-xyFwyhro/JEof6Ghe2iz2NcXoj2sloNsWr/XsERDK/oiPCfaNhl5ONfp+jQdAZRQQ0IJWNzH9zIZF7li91kh2w=="],

    "json5": ["json5@2.2.3", "", { "bin": { "json5": "lib/cli.js" } }, "sha512-XmOWe7eyHYH14cLdVPoyg+GOH3rYX++KpzrylJwSW98t3Nk+U8XOl8FWKOgwtzdb8lXGf6zYwDUzeHMWfxasyg=="],

    "klona": ["klona@2.0.6", "", {}, "sha512-dhG34DXATL5hSxJbIexCft8FChFXtmskoZYnoPWjXQuebWYCNkVeV3KkGegCK9CP1oswI/vQibS2GY7Em/sJJA=="],

    "lines-and-columns": ["lines-and-columns@1.2.4", "", {}, "sha512-7ylylesZQ/PV29jhEDl3Ufjo6ZX7gCqJr5F7PKrqc93v7fzSymt1BpwEU8nAUXs8qzzvqhbjhK5QZg6Mt/HkBg=="],

    "loose-envify": ["loose-envify@1.4.0", "", { "dependencies": { "js-tokens": "^3.0.0 || ^4.0.0" }, "bin": { "loose-envify": "cli.js" } }, "sha512-lyuxPGr/Wfhrlem2CL/UcnUc1zcqKAImBDzukY7Y5F/yQiNdko6+fRLevlw1HgMySw7f611UIY408EtxRSoK3Q=="],

    "lru-cache": ["lru-cache@5.1.1", "", { "dependencies": { "yallist": "^3.0.2" } }, "sha512-KpNARQA3Iwv+jTA0utUVVbrh+Jlrr1Fv0e56GGzAFOXN7dk/FviaDW8LHmK52DlcH4WP2n6gI8vN1aesBFgo9w=="],

    "minimatch": ["minimatch@3.1.2", "", { "dependencies": { "brace-expansion": "^1.1.7" } }, "sha512-J7p63hRiAjw1NDEww1W7i37+ByIrOWO5XQQAzZ3VOcL0PNybwpfmV/N05zFAzwQ9USyEcX6t3UO+K5aqBQOIHw=="],

    "ms": ["ms@2.1.3", "", {}, "sha512-6FlzubTLZG3J2a/NVCAleEhjzq5oxgHyaCU9yYXvcLsvoVaHJq/s5xXI6/XXP6tz7R9xAOtHnSO/tXtF3WRTlA=="],

    "nanoid": ["nanoid@3.3.11", "", { "bin": { "nanoid": "bin/nanoid.cjs" } }, "sha512-N8SpfPUnUp1bK+PMYW8qSWdl9U+wwNWI4QKxOYDy9JAro3WMX7p2OeVRF9v+347pnakNevPmiHhNmZ2HbFA76w=="],

    "node-releases": ["node-releases@2.0.19", "", {}, "sha512-xxOWJsBKtzAq7DY0J+DTzuz58K8e7sJbdgwkbMWQe8UYB6ekmsQ45q0M/tJDsGaZmbC+l7n57UV8Hl5tHxO9uw=="],

    "object-assign": ["object-assign@4.1.1", "", {}, "sha512-rJgTQnkUnH1sFw8yT6VSU3zD3sWmu6sZhIseY8VX+GRu3P6F7Fu+JNDoXfklElbLJSnc3FUQHVe4cU5hj+BcUg=="],

    "once": ["once@1.4.0", "", { "dependencies": { "wrappy": "1" } }, "sha512-lNaJgI+2Q5URQBkccEKHTQOPaXdUxnZZElQTZY0MFUAuaEqe1E+Nyvgdz/aIyNi6Z9MzO5dv1H8n58/GELp3+w=="],

    "parent-module": ["parent-module@1.0.1", "", { "dependencies": { "callsites": "^3.0.0" } }, "sha512-GQ2EWRpQV8/o+Aw8YqtfZZPfNRWZYkbidE9k5rpl/hC3vtHHBfGm2Ifi6qWV+coDGkrUKZAxE3Lot5kcsRlh+g=="],

    "parse-json": ["parse-json@5.2.0", "", { "dependencies": { "@babel/code-frame": "^7.0.0", "error-ex": "^1.3.1", "json-parse-even-better-errors": "^2.3.0", "lines-and-columns": "^1.1.6" } }, "sha512-ayCKvm/phCGxOkYRSCM82iDwct8/EonSEgCSxWxD7ve6jHggsFl4fZVQBPRNgQoKiuV/odhFrGzQXZwbifC8Rg=="],

    "path-is-absolute": ["path-is-absolute@1.0.1", "", {}, "sha512-AVbw3UJ2e9bq64vSaS9Am0fje1Pa8pbGqTTsmXfaIiMpnr5DlDhfJOuLj9Sf95ZPVDAUerDfEk88MPmPe7UCQg=="],

    "path-key": ["path-key@3.1.1", "", {}, "sha512-ojmeN0qd+y0jszEtoY48r0Peq5dwMEkIlCOu6Q5f41lfkswXuKtYrhgoTpLnyIcHm24Uhqx+5Tqm2InSwLhE6Q=="],

    "path-parse": ["path-parse@1.0.7", "", {}, "sha512-LDJzPVEEEPR+y48z93A0Ed0yXb8pAByGWo/k5YYdYgpY2/2EsOsksJrq7lOHxryrVOn1ejG6oAp8ahvOIQD8sw=="],

    "path-type": ["path-type@4.0.0", "", {}, "sha512-gDKb8aZMDeD/tZWs9P6+q0J9Mwkdl6xMV8TjnGP3qJVJ06bdMgkbBlLU8IdfOsIsFz2BW1rNVT3XuNEl8zPAvw=="],

    "picocolors": ["picocolors@1.1.1", "", {}, "sha512-xceH2snhtb5M9liqDsmEw56le376mTZkEX/jEb/RxNFyegNul7eNslCXP9FDj/Lcu0X8KEyMceP2ntpaHrDEVA=="],

    "picomatch": ["picomatch@2.3.1", "", {}, "sha512-JU3teHTNjmE2VCGFzuY8EXzCDVwEqB2a8fsIvwaStHhAWJEeVd1o1QD80CU6+ZdEXXSLbSsuLwJjkCBWqRQUVA=="],

    "postcss": ["postcss@8.5.3", "", { "dependencies": { "nanoid": "^3.3.8", "picocolors": "^1.1.1", "source-map-js": "^1.2.1" } }, "sha512-dle9A3yYxlBSrt8Fu+IpjGT8SY8hN0mlaA6GY8t0P5PjIOZemULz/E2Bnm/2dcUOena75OTNkHI76uZBNUUq3A=="],

    "prettier": ["prettier@2.8.8", "", { "bin": { "prettier": "bin-prettier.js" } }, "sha512-tdN8qQGvNjw4CHbY+XXk0JgCXn9QiF21a55rBe5LJAU+kDyC4WQn4+awm2Xfk2lQMk5fKup9XgzTZtGkjBdP9Q=="],

    "react": ["react@17.0.2", "", { "dependencies": { "loose-envify": "^1.1.0", "object-assign": "^4.1.1" } }, "sha512-gnhPt75i/dq/z3/6q/0asP78D0u592D5L1pd7M8P+dck6Fu/jJeL6iVVK23fptSUZj8Vjf++7wXA8UNclGQcbA=="],

    "react-dom": ["react-dom@17.0.2", "", { "dependencies": { "loose-envify": "^1.1.0", "object-assign": "^4.1.1", "scheduler": "^0.20.2" }, "peerDependencies": { "react": "17.0.2" } }, "sha512-s4h96KtLDUQlsENhMn1ar8t2bEa+q/YAtj8pPPdIjPDGBDIVNsrD9aXNWqspUe6AzKCIG0C1HZZLqLV7qpOBGA=="],

    "react-icons": ["react-icons@4.12.0", "", { "peerDependencies": { "react": "*" } }, "sha512-IBaDuHiShdZqmfc/TwHu6+d6k2ltNCf3AszxNmjJc1KUfXdEeRJOKyNvLmAHaarhzGmTSVygNdyu8/opXv2gaw=="],

    "react-is": ["react-is@16.13.1", "", {}, "sha512-24e6ynE2H+OKt4kqsOvNd8kBpV65zoxbA4BVsEOB3ARVWQki/DHzaUoC5KuON/BiccDaCCTZBuOcfZs70kR8bQ=="],

    "react-refresh": ["react-refresh@0.13.0", "", {}, "sha512-XP8A9BT0CpRBD+NYLLeIhld/RqG9+gktUjW1FkE+Vm7OCinbG1SshcK5tb9ls4kzvjZr9mOQc7HYgBngEyPAXg=="],

    "react-router": ["react-router@6.30.0", "", { "dependencies": { "@remix-run/router": "1.23.0" }, "peerDependencies": { "react": ">=16.8" } }, "sha512-D3X8FyH9nBcTSHGdEKurK7r8OYE1kKFn3d/CF+CoxbSHkxU7o37+Uh7eAHRXr6k2tSExXYO++07PeXJtA/dEhQ=="],

    "react-router-dom": ["react-router-dom@6.30.0", "", { "dependencies": { "@remix-run/router": "1.23.0", "react-router": "6.30.0" }, "peerDependencies": { "react": ">=16.8", "react-dom": ">=16.8" } }, "sha512-x30B78HV5tFk8ex0ITwzC9TTZMua4jGyA9IUlH1JLQYQTFyxr/ZxwOJq7evg1JX1qGVUcvhsmQSKdPncQrjTgA=="],

    "react-textarea-autosize": ["react-textarea-autosize@8.3.4", "", { "dependencies": { "@babel/runtime": "^7.10.2", "use-composed-ref": "^1.3.0", "use-latest": "^1.2.1" }, "peerDependencies": { "react": "^16.8.0 || ^17.0.0 || ^18.0.0" } }, "sha512-CdtmP8Dc19xL8/R6sWvtknD/eCXkQr30dtvC4VmGInhRsfF8X/ihXCq6+9l9qbxmKRiq407/7z5fxE7cVWQNgQ=="],

    "resolve": ["resolve@1.22.10", "", { "dependencies": { "is-core-module": "^2.16.0", "path-parse": "^1.0.7", "supports-preserve-symlinks-flag": "^1.0.0" }, "bin": { "resolve": "bin/resolve" } }, "sha512-NPRy+/ncIMeDlTAsuqwKIiferiawhefFJtkNSW0qZJEqMEb+qBt/77B/jGeeek+F0uOeN05CDa6HXbbIgtVX4w=="],

    "resolve-from": ["resolve-from@4.0.0", "", {}, "sha512-pb/MYmXstAkysRFx8piNI1tGFNQIFA3vkE3Gq4EuA1dF6gHp/+vgZqsCGJapvy8N3Q+4o7FwvquPJcnZ7RYy4g=="],

    "rimraf": ["rimraf@3.0.2", "", { "dependencies": { "glob": "^7.1.3" }, "bin": { "rimraf": "bin.js" } }, "sha512-JZkJMZkAGFFPP2YqXZXPbMlMBgsxzE8ILs4lMIX/2o0L9UBw9O/Y3o6wFw/i9YLapcUJWwqbi3kdxIPdC62TIA=="],

    "rollup": ["rollup@2.77.3", "", { "optionalDependencies": { "fsevents": "~2.3.2" }, "bin": { "rollup": "dist/bin/rollup" } }, "sha512-/qxNTG7FbmefJWoeeYJFbHehJ2HNWnjkAFRKzWN/45eNBBF/r8lo992CwcJXEzyVxs5FmfId+vTSTQDb+bxA+g=="],

    "scheduler": ["scheduler@0.20.2", "", { "dependencies": { "loose-envify": "^1.1.0", "object-assign": "^4.1.1" } }, "sha512-2eWfGgAqqWFGqtdMmcL5zCMK1U8KlXv8SQFGglL3CEtd0aDVDWgeF/YoCmvln55m5zSk3J/20hTaSBeSObsQDQ=="],

    "semver": ["semver@6.3.1", "", { "bin": { "semver": "bin/semver.js" } }, "sha512-BR7VvDCVHO+q2xBEWskxS6DJE1qRnb7DxzUrogb71CWoSficBxYsiAGd+Kl0mmq/MprG9yArRkyrQxTO6XjMzA=="],

    "shebang-command": ["shebang-command@2.0.0", "", { "dependencies": { "shebang-regex": "^3.0.0" } }, "sha512-kHxr2zZpYtdmrN1qDjrrX/Z1rR1kG8Dx+gkpK1G4eXmvXswmcE1hTWBWYUzlraYw1/yZp6YuDY77YtvbN0dmDA=="],

    "shebang-regex": ["shebang-regex@3.0.0", "", {}, "sha512-7++dFhtcx3353uBaq8DDR4NuxBetBzC7ZQOhmTQInHEd6bSrXdiEyzCvG07Z44UYdLShWUyXt5M/yhz8ekcb1A=="],

    "source-map": ["source-map@0.5.7", "", {}, "sha512-LbrmJOMUSdEVxIKvdcJzQC+nQhe8FUZQTXQy6+I75skNgn3OoQ0DZA8YnFa7gp8tqtL3KPf1kmo0R5DoApeSGQ=="],

    "source-map-js": ["source-map-js@1.2.1", "", {}, "sha512-UXWMKhLOwVKb728IUtQPXxfYU+usdybtUrK/8uGE8CQMvrhOpwvzDBwj0QhSL7MQc7vIsISBG8VQ8+IDQxpfQA=="],

    "stylis": ["stylis@4.2.0", "", {}, "sha512-Orov6g6BB1sDfYgzWfTHDOxamtX1bE/zo104Dh9e6fqJ3PooipYyfJ0pUmrZO2wAvO8YbEyeFrkV91XTsGMSrw=="],

    "supports-preserve-symlinks-flag": ["supports-preserve-symlinks-flag@1.0.0", "", {}, "sha512-ot0WnXS9fgdkgIcePe6RHNk1WA8+muPa6cSjeR3V8K27q9BB1rTE3R1p7Hv0z1ZyAc8s6Vvv8DIyWf681MAt0w=="],

    "tabbable": ["tabbable@6.2.0", "", {}, "sha512-Cat63mxsVJlzYvN51JmVXIgNoUokrIaT2zLclCXjRd8boZ0004U4KCs/sToJ75C6sdlByWxpYnb5Boif1VSFew=="],

    "tslib": ["tslib@2.8.1", "", {}, "sha512-oJFu94HQb+KVduSUQL7wnpmqnfmLsOA/nAh6b6EH0wCEoK0/mPeXU6c3wKDV83MkOuHPRHtSXKKU99IBazS/2w=="],

    "typescript": ["typescript@4.9.5", "", { "bin": { "tsc": "bin/tsc", "tsserver": "bin/tsserver" } }, "sha512-1FXk9E2Hm+QzZQ7z+McJiHL4NW1F2EzMu9Nq9i3zAaGqibafqYwCVU6WyWAuyQRRzOlxou8xZSyXLEN8oKj24g=="],

    "update-browserslist-db": ["update-browserslist-db@1.1.3", "", { "dependencies": { "escalade": "^3.2.0", "picocolors": "^1.1.1" }, "peerDependencies": { "browserslist": ">= 4.21.0" }, "bin": { "update-browserslist-db": "cli.js" } }, "sha512-UxhIZQ+QInVdunkDAaiazvvT/+fXL5Osr0JZlJulepYu6Jd7qJtDZjlur0emRlT71EN3ScPoE7gvsuIKKNavKw=="],

    "use-composed-ref": ["use-composed-ref@1.4.0", "", { "peerDependencies": { "react": "^16.8.0 || ^17.0.0 || ^18.0.0 || ^19.0.0" } }, "sha512-djviaxuOOh7wkj0paeO1Q/4wMZ8Zrnag5H6yBvzN7AKKe8beOaED9SF5/ByLqsku8NP4zQqsvM2u3ew/tJK8/w=="],

    "use-isomorphic-layout-effect": ["use-isomorphic-layout-effect@1.2.0", "", { "peerDependencies": { "react": "^16.8.0 || ^17.0.0 || ^18.0.0 || ^19.0.0" } }, "sha512-q6ayo8DWoPZT0VdG4u3D3uxcgONP3Mevx2i2b0434cwWBoL+aelL1DzkXI6w3PhTZzUeR2kaVlZn70iCiseP6w=="],

    "use-latest": ["use-latest@1.3.0", "", { "dependencies": { "use-isomorphic-layout-effect": "^1.1.1" }, "peerDependencies": { "react": "^16.8.0 || ^17.0.0 || ^18.0.0 || ^19.0.0" } }, "sha512-mhg3xdm9NaM8q+gLT8KryJPnRFOz1/5XPBhmDEVZK1webPzDjrPk7f/mbpeLqTgB9msytYWANxgALOCJKnLvcQ=="],

    "vite": ["vite@2.9.18", "", { "dependencies": { "esbuild": "^0.14.27", "postcss": "^8.4.13", "resolve": "^1.22.0", "rollup": ">=2.59.0 <2.78.0" }, "optionalDependencies": { "fsevents": "~2.3.2" }, "peerDependencies": { "less": "*", "sass": "*", "stylus": "*" }, "optionalPeers": ["less", "sass", "stylus"], "bin": { "vite": "bin/vite.js" } }, "sha512-sAOqI5wNM9QvSEE70W3UGMdT8cyEn0+PmJMTFvTB8wB0YbYUWw3gUbY62AOyrXosGieF2htmeLATvNxpv/zNyQ=="],

    "which": ["which@2.0.2", "", { "dependencies": { "isexe": "^2.0.0" }, "bin": { "node-which": "./bin/node-which" } }, "sha512-BLI3Tl1TW3Pvl70l3yq3Y64i+awpwXqsGBYWkkqMtnbXgrMD+yj7rhW0kuEDxzJaYXGjEW5ogapKNMEKNMjibA=="],

    "wrappy": ["wrappy@1.0.2", "", {}, "sha512-l4Sp/DRseor9wL6EvV2+TuQn63dMkPjZ/sp9XkghTEbV9KlPS1xUsZ3u7/IQO4wxtcFB4bgpQPRcR3QCvezPcQ=="],

    "yallist": ["yallist@3.1.1", "", {}, "sha512-a4UGQaWPH59mOXUYnAG2ewncQS4i4F43Tv3JoAM+s2VDAmS9NsK8GpDMLrCHPksFT7h3K6TOoUNn2pb7RoXx4g=="],

    "yaml": ["yaml@1.10.2", "", {}, "sha512-r3vXyErRCYJ7wg28yvBY5VSoAF8ZvlcW9/BwUzEtUsjvX/DKs24dIkuwjtuprwJJHsbyUbLApepYTR1BN4uHrg=="],

    "zustand": ["zustand@3.7.2", "", { "peerDependencies": { "react": ">=16.8" }, "optionalPeers": ["react"] }, "sha512-PIJDIZKtokhof+9+60cpockVOq05sJzHCriyvaLBmEJixseQ1a5Kdov6fWZfWOu5SK9c+FhH1jU0tntLxRJYMA=="],

    "@emotion/babel-plugin/convert-source-map": ["convert-source-map@1.9.0", "", {}, "sha512-ASFBup0Mz1uyiIjANan1jzLQami9z1PoYSZCiiYW2FczPbenXc45FZdBZLzOT+r6+iciuEModtmCti+hjaAk0A=="],

    "@mantine/styles/csstype": ["csstype@3.0.9", "", {}, "sha512-rpw6JPxK6Rfg1zLOYCSwle2GFOOsnjmDYDaBwEcwoOg4qlsIVCN789VkBZDJAGi4T07gI4YSutR43t9Zz4Lzuw=="],
  }
}
